
Microsoft Visual Studio Solution File, Format Version 12.00
# Visual Studio 15
VisualStudioVersion = 15.0.27130.2036
MinimumVisualStudioVersion = 10.0.40219.1
Project("{FAE04EC0-301F-11D3-BF4B-00C04F79EFBC}") = "Assignment3ClassLibrary", "Assignment3\Assignment3ClassLibrary.csproj", "{6EBB6D48-E46D-494B-8ACD-8FB54D70A5D3}"
EndProject
Project("{FAE04EC0-301F-11D3-BF4B-00C04F79EFBC}") = "Assignment3Testing", "Assignment3Testing\Assignment3Testing.csproj", "{DFC82E86-B0CC-43A8-9102-0CEFD6A7D850}"
EndProject
Project("{FAE04EC0-301F-11D3-BF4B-00C04F79EFBC}") = "MainForm", "WindowsFormsApp1\MainForm.csproj", "{5B7874FB-6BD5-469B-9CA1-14A1031DFEB5}"
EndProject
Project("{FAE04EC0-301F-11D3-BF4B-00C04F79EFBC}") = "NewPlayerForm", "NewItemForm\NewPlayerForm.csproj", "{A55A2A83-30C5-4496-9FEA-9D1CFBBC3800}"
EndProject
Project("{FAE04EC0-301F-11D3-BF4B-00C04F79EFBC}") = "NewTeamForm", "NewTeamForm\NewTeamForm.csproj", "{822A6F03-7CED-4E3D-A6F8-875B1713D205}"
EndProject
Global
	GlobalSection(SolutionConfigurationPlatforms) = preSolution
		Debug|Any CPU = Debug|Any CPU
		Release|Any CPU = Release|Any CPU
	EndGlobalSection
	GlobalSection(ProjectConfigurationPlatforms) = postSolution
		{6EBB6D48-E46D-494B-8ACD-8FB54D70A5D3}.Debug|Any CPU.ActiveCfg = Debug|Any CPU
		{6EBB6D48-E46D-494B-8ACD-8FB54D70A5D3}.Debug|Any CPU.Build.0 = Debug|Any CPU
		{6EBB6D48-E46D-494B-8ACD-8FB54D70A5D3}.Release|Any CPU.ActiveCfg = Release|Any CPU
		{6EBB6D48-E46D-494B-8ACD-8FB54D70A5D3}.Release|Any CPU.Build.0 = Release|Any CPU
		{DFC82E86-B0CC-43A8-9102-0CEFD6A7D850}.Debug|Any CPU.ActiveCfg = Debug|Any CPU
		{DFC82E86-B0CC-43A8-9102-0CEFD6A7D850}.Debug|Any CPU.Build.0 = Debug|Any CPU
		{DFC82E86-B0CC-43A8-9102-0CEFD6A7D850}.Release|Any CPU.ActiveCfg = Release|Any CPU
		{DFC82E86-B0CC-43A8-9102-0CEFD6A7D850}.Release|Any CPU.Build.0 = Release|Any CPU
		{5B7874FB-6BD5-469B-9CA1-14A1031DFEB5}.Debug|Any CPU.ActiveCfg = Debug|Any CPU
		{5B7874FB-6BD5-469B-9CA1-14A1031DFEB5}.Debug|Any CPU.Build.0 = Debug|Any CPU
		{5B7874FB-6BD5-469B-9CA1-14A1031DFEB5}.Release|Any CPU.ActiveCfg = Release|Any CPU
		{5B7874FB-6BD5-469B-9CA1-14A1031DFEB5}.Release|Any CPU.Build.0 = Release|Any CPU
		{A55A2A83-30C5-4496-9FEA-9D1CFBBC3800}.Debug|Any CPU.ActiveCfg = Debug|Any CPU
		{A55A2A83-30C5-4496-9FEA-9D1CFBBC3800}.Debug|Any CPU.Build.0 = Debug|Any CPU
		{A55A2A83-30C5-4496-9FEA-9D1CFBBC3800}.Release|Any CPU.ActiveCfg = Release|Any CPU
		{A55A2A83-30C5-4496-9FEA-9D1CFBBC3800}.Release|Any CPU.Build.0 = Release|Any CPU
		{822A6F03-7CED-4E3D-A6F8-875B1713D205}.Debug|Any CPU.ActiveCfg = Debug|Any CPU
		{822A6F03-7CED-4E3D-A6F8-875B1713D205}.Debug|Any CPU.Build.0 = Debug|Any CPU
		{822A6F03-7CED-4E3D-A6F8-875B1713D205}.Release|Any CPU.ActiveCfg = Release|Any CPU
		{822A6F03-7CED-4E3D-A6F8-875B1713D205}.Release|Any CPU.Build.0 = Release|Any CPU
	EndGlobalSection
	GlobalSection(SolutionProperties) = preSolution
		HideSolutionNode = FALSE
	EndGlobalSection
	GlobalSection(ExtensibilityGlobals) = postSolution
		SolutionGuid = {9D5786DD-C231-4895-96EC-DB9DBFA6F4E0}
	EndGlobalSection
EndGlobal
